
Microsoft Visual Studio Solution File, Format Version 12.00
# Visual Studio Version 17
VisualStudioVersion = 17.0.31903.59
MinimumVisualStudioVersion = 10.0.40219.1
Project("{FAE04EC0-301F-11D3-BF4B-00C04F79EFBC}") = "AccessiUXMarket.Domain", "src\AccessiUXMarket.Domain\AccessiUXMarket.Domain.csproj", "{9C65DCB6-5607-4E2B-9A7F-823B79B2A001}"
EndProject
Project("{FAE04EC0-301F-11D3-BF4B-00C04F79EFBC}") = "AccessiUXMarket.Application", "src\AccessiUXMarket.Application\AccessiUXMarket.Application.csproj", "{9C65DCB6-5607-4E2B-9A7F-823B79B2A002}"
EndProject
Project("{FAE04EC0-301F-11D3-BF4B-00C04F79EFBC}") = "AccessiUXMarket.Infrastructure", "src\AccessiUXMarket.Infrastructure\AccessiUXMarket.Infrastructure.csproj", "{9C65DCB6-5607-4E2B-9A7F-823B79B2A003}"
EndProject
Project("{FAE04EC0-301F-11D3-BF4B-00C04F79EFBC}") = "AccessiUXMarket.Api", "src\AccessiUXMarket.Api\AccessiUXMarket.Api.csproj", "{9C65DCB6-5607-4E2B-9A7F-823B79B2A004}"
EndProject
Project("{2150E333-8FDC-42A3-9474-1A3956D46DE8}") = "tests", "tests", "{0AB3BF05-4346-4AA6-1389-037BE0695223}"
EndProject
Project("{FAE04EC0-301F-11D3-BF4B-00C04F79EFBC}") = "AccessiUXMarket.UnitTests", "tests\AccessiUXMarket.UnitTests\AccessiUXMarket.UnitTests.csproj", "{9D62F5F9-3024-492C-ABB7-E31011DA4CA8}"
EndProject
Project("{2150E333-8FDC-42A3-9474-1A3956D46DE8}") = "src", "src", "{827E0CD3-B72D-47B6-A68D-7590B98EB39B}"
EndProject
Project("{FAE04EC0-301F-11D3-BF4B-00C04F79EFBC}") = "AccessiUXMarket.IntegrationTests", "tests\AccessiUXMarket.IntegrationTests\AccessiUXMarket.IntegrationTests.csproj", "{F714B78A-2AD0-4881-A490-56921B1548B3}"
EndProject
Project("{FAE04EC0-301F-11D3-BF4B-00C04F79EFBC}") = "AccessiUXMarket.ArchitectureTests", "tests\AccessiUXMarket.ArchitectureTests\AccessiUXMarket.ArchitectureTests.csproj", "{66095E6C-DAD6-4F19-86EF-D685712AAD1B}"
EndProject
Global
	GlobalSection(SolutionConfigurationPlatforms) = preSolution
		Debug|Any CPU = Debug|Any CPU
		Debug|x64 = Debug|x64
		Debug|x86 = Debug|x86
		Release|Any CPU = Release|Any CPU
		Release|x64 = Release|x64
		Release|x86 = Release|x86
	EndGlobalSection
	GlobalSection(ProjectConfigurationPlatforms) = postSolution
		{9C65DCB6-5607-4E2B-9A7F-823B79B2A001}.Debug|Any CPU.ActiveCfg = Debug|Any CPU
		{9C65DCB6-5607-4E2B-9A7F-823B79B2A001}.Debug|Any CPU.Build.0 = Debug|Any CPU
		{9C65DCB6-5607-4E2B-9A7F-823B79B2A001}.Debug|x64.ActiveCfg = Debug|Any CPU
		{9C65DCB6-5607-4E2B-9A7F-823B79B2A001}.Debug|x64.Build.0 = Debug|Any CPU
		{9C65DCB6-5607-4E2B-9A7F-823B79B2A001}.Debug|x86.ActiveCfg = Debug|Any CPU
		{9C65DCB6-5607-4E2B-9A7F-823B79B2A001}.Debug|x86.Build.0 = Debug|Any CPU
		{9C65DCB6-5607-4E2B-9A7F-823B79B2A001}.Release|Any CPU.ActiveCfg = Release|Any CPU
		{9C65DCB6-5607-4E2B-9A7F-823B79B2A001}.Release|Any CPU.Build.0 = Release|Any CPU
		{9C65DCB6-5607-4E2B-9A7F-823B79B2A001}.Release|x64.ActiveCfg = Release|Any CPU
		{9C65DCB6-5607-4E2B-9A7F-823B79B2A001}.Release|x64.Build.0 = Release|Any CPU
		{9C65DCB6-5607-4E2B-9A7F-823B79B2A001}.Release|x86.ActiveCfg = Release|Any CPU
		{9C65DCB6-5607-4E2B-9A7F-823B79B2A001}.Release|x86.Build.0 = Release|Any CPU
		{9C65DCB6-5607-4E2B-9A7F-823B79B2A002}.Debug|Any CPU.ActiveCfg = Debug|Any CPU
		{9C65DCB6-5607-4E2B-9A7F-823B79B2A002}.Debug|Any CPU.Build.0 = Debug|Any CPU
		{9C65DCB6-5607-4E2B-9A7F-823B79B2A002}.Debug|x64.ActiveCfg = Debug|Any CPU
		{9C65DCB6-5607-4E2B-9A7F-823B79B2A002}.Debug|x64.Build.0 = Debug|Any CPU
		{9C65DCB6-5607-4E2B-9A7F-823B79B2A002}.Debug|x86.ActiveCfg = Debug|Any CPU
		{9C65DCB6-5607-4E2B-9A7F-823B79B2A002}.Debug|x86.Build.0 = Debug|Any CPU
		{9C65DCB6-5607-4E2B-9A7F-823B79B2A002}.Release|Any CPU.ActiveCfg = Release|Any CPU
		{9C65DCB6-5607-4E2B-9A7F-823B79B2A002}.Release|Any CPU.Build.0 = Release|Any CPU
		{9C65DCB6-5607-4E2B-9A7F-823B79B2A002}.Release|x64.ActiveCfg = Release|Any CPU
		{9C65DCB6-5607-4E2B-9A7F-823B79B2A002}.Release|x64.Build.0 = Release|Any CPU
		{9C65DCB6-5607-4E2B-9A7F-823B79B2A002}.Release|x86.ActiveCfg = Release|Any CPU
		{9C65DCB6-5607-4E2B-9A7F-823B79B2A002}.Release|x86.Build.0 = Release|Any CPU
		{9C65DCB6-5607-4E2B-9A7F-823B79B2A003}.Debug|Any CPU.ActiveCfg = Debug|Any CPU
		{9C65DCB6-5607-4E2B-9A7F-823B79B2A003}.Debug|Any CPU.Build.0 = Debug|Any CPU
		{9C65DCB6-5607-4E2B-9A7F-823B79B2A003}.Debug|x64.ActiveCfg = Debug|Any CPU
		{9C65DCB6-5607-4E2B-9A7F-823B79B2A003}.Debug|x64.Build.0 = Debug|Any CPU
		{9C65DCB6-5607-4E2B-9A7F-823B79B2A003}.Debug|x86.ActiveCfg = Debug|Any CPU
		{9C65DCB6-5607-4E2B-9A7F-823B79B2A003}.Debug|x86.Build.0 = Debug|Any CPU
		{9C65DCB6-5607-4E2B-9A7F-823B79B2A003}.Release|Any CPU.ActiveCfg = Release|Any CPU
		{9C65DCB6-5607-4E2B-9A7F-823B79B2A003}.Release|Any CPU.Build.0 = Release|Any CPU
		{9C65DCB6-5607-4E2B-9A7F-823B79B2A003}.Release|x64.ActiveCfg = Release|Any CPU
		{9C65DCB6-5607-4E2B-9A7F-823B79B2A003}.Release|x64.Build.0 = Release|Any CPU
		{9C65DCB6-5607-4E2B-9A7F-823B79B2A003}.Release|x86.ActiveCfg = Release|Any CPU
		{9C65DCB6-5607-4E2B-9A7F-823B79B2A003}.Release|x86.Build.0 = Release|Any CPU
		{9C65DCB6-5607-4E2B-9A7F-823B79B2A004}.Debug|Any CPU.ActiveCfg = Debug|Any CPU
		{9C65DCB6-5607-4E2B-9A7F-823B79B2A004}.Debug|Any CPU.Build.0 = Debug|Any CPU
		{9C65DCB6-5607-4E2B-9A7F-823B79B2A004}.Debug|x64.ActiveCfg = Debug|Any CPU
		{9C65DCB6-5607-4E2B-9A7F-823B79B2A004}.Debug|x64.Build.0 = Debug|Any CPU
		{9C65DCB6-5607-4E2B-9A7F-823B79B2A004}.Debug|x86.ActiveCfg = Debug|Any CPU
		{9C65DCB6-5607-4E2B-9A7F-823B79B2A004}.Debug|x86.Build.0 = Debug|Any CPU
		{9C65DCB6-5607-4E2B-9A7F-823B79B2A004}.Release|Any CPU.ActiveCfg = Release|Any CPU
		{9C65DCB6-5607-4E2B-9A7F-823B79B2A004}.Release|Any CPU.Build.0 = Release|Any CPU
		{9C65DCB6-5607-4E2B-9A7F-823B79B2A004}.Release|x64.ActiveCfg = Release|Any CPU
		{9C65DCB6-5607-4E2B-9A7F-823B79B2A004}.Release|x64.Build.0 = Release|Any CPU
		{9C65DCB6-5607-4E2B-9A7F-823B79B2A004}.Release|x86.ActiveCfg = Release|Any CPU
		{9C65DCB6-5607-4E2B-9A7F-823B79B2A004}.Release|x86.Build.0 = Release|Any CPU
		{9D62F5F9-3024-492C-ABB7-E31011DA4CA8}.Debug|Any CPU.ActiveCfg = Debug|Any CPU
		{9D62F5F9-3024-492C-ABB7-E31011DA4CA8}.Debug|Any CPU.Build.0 = Debug|Any CPU
		{9D62F5F9-3024-492C-ABB7-E31011DA4CA8}.Debug|x64.ActiveCfg = Debug|Any CPU
		{9D62F5F9-3024-492C-ABB7-E31011DA4CA8}.Debug|x64.Build.0 = Debug|Any CPU
		{9D62F5F9-3024-492C-ABB7-E31011DA4CA8}.Debug|x86.ActiveCfg = Debug|Any CPU
		{9D62F5F9-3024-492C-ABB7-E31011DA4CA8}.Debug|x86.Build.0 = Debug|Any CPU
		{9D62F5F9-3024-492C-ABB7-E31011DA4CA8}.Release|Any CPU.ActiveCfg = Release|Any CPU
		{9D62F5F9-3024-492C-ABB7-E31011DA4CA8}.Release|Any CPU.Build.0 = Release|Any CPU
		{9D62F5F9-3024-492C-ABB7-E31011DA4CA8}.Release|x64.ActiveCfg = Release|Any CPU
		{9D62F5F9-3024-492C-ABB7-E31011DA4CA8}.Release|x64.Build.0 = Release|Any CPU
		{9D62F5F9-3024-492C-ABB7-E31011DA4CA8}.Release|x86.ActiveCfg = Release|Any CPU
		{9D62F5F9-3024-492C-ABB7-E31011DA4CA8}.Release|x86.Build.0 = Release|Any CPU
		{F714B78A-2AD0-4881-A490-56921B1548B3}.Debug|Any CPU.ActiveCfg = Debug|Any CPU
		{F714B78A-2AD0-4881-A490-56921B1548B3}.Debug|Any CPU.Build.0 = Debug|Any CPU
		{F714B78A-2AD0-4881-A490-56921B1548B3}.Debug|x64.ActiveCfg = Debug|Any CPU
		{F714B78A-2AD0-4881-A490-56921B1548B3}.Debug|x64.Build.0 = Debug|Any CPU
		{F714B78A-2AD0-4881-A490-56921B1548B3}.Debug|x86.ActiveCfg = Debug|Any CPU
		{F714B78A-2AD0-4881-A490-56921B1548B3}.Debug|x86.Build.0 = Debug|Any CPU
		{F714B78A-2AD0-4881-A490-56921B1548B3}.Release|Any CPU.ActiveCfg = Release|Any CPU
		{F714B78A-2AD0-4881-A490-56921B1548B3}.Release|Any CPU.Build.0 = Release|Any CPU
		{F714B78A-2AD0-4881-A490-56921B1548B3}.Release|x64.ActiveCfg = Release|Any CPU
		{F714B78A-2AD0-4881-A490-56921B1548B3}.Release|x64.Build.0 = Release|Any CPU
		{F714B78A-2AD0-4881-A490-56921B1548B3}.Release|x86.ActiveCfg = Release|Any CPU
		{F714B78A-2AD0-4881-A490-56921B1548B3}.Release|x86.Build.0 = Release|Any CPU
		{66095E6C-DAD6-4F19-86EF-D685712AAD1B}.Debug|Any CPU.ActiveCfg = Debug|Any CPU
		{66095E6C-DAD6-4F19-86EF-D685712AAD1B}.Debug|Any CPU.Build.0 = Debug|Any CPU
		{66095E6C-DAD6-4F19-86EF-D685712AAD1B}.Debug|x64.ActiveCfg = Debug|Any CPU
		{66095E6C-DAD6-4F19-86EF-D685712AAD1B}.Debug|x64.Build.0 = Debug|Any CPU
		{66095E6C-DAD6-4F19-86EF-D685712AAD1B}.Debug|x86.ActiveCfg = Debug|Any CPU
		{66095E6C-DAD6-4F19-86EF-D685712AAD1B}.Debug|x86.Build.0 = Debug|Any CPU
		{66095E6C-DAD6-4F19-86EF-D685712AAD1B}.Release|Any CPU.ActiveCfg = Release|Any CPU
		{66095E6C-DAD6-4F19-86EF-D685712AAD1B}.Release|Any CPU.Build.0 = Release|Any CPU
		{66095E6C-DAD6-4F19-86EF-D685712AAD1B}.Release|x64.ActiveCfg = Release|Any CPU
		{66095E6C-DAD6-4F19-86EF-D685712AAD1B}.Release|x64.Build.0 = Release|Any CPU
		{66095E6C-DAD6-4F19-86EF-D685712AAD1B}.Release|x86.ActiveCfg = Release|Any CPU
		{66095E6C-DAD6-4F19-86EF-D685712AAD1B}.Release|x86.Build.0 = Release|Any CPU
	EndGlobalSection
	GlobalSection(SolutionProperties) = preSolution
		HideSolutionNode = FALSE
	EndGlobalSection
	GlobalSection(NestedProjects) = preSolution
		{9D62F5F9-3024-492C-ABB7-E31011DA4CA8} = {0AB3BF05-4346-4AA6-1389-037BE0695223}
		{F714B78A-2AD0-4881-A490-56921B1548B3} = {0AB3BF05-4346-4AA6-1389-037BE0695223}
		{66095E6C-DAD6-4F19-86EF-D685712AAD1B} = {0AB3BF05-4346-4AA6-1389-037BE0695223}
	EndGlobalSection
EndGlobal
